
Microsoft Visual Studio Solution File, Format Version 12.00
# Visual Studio Version 16
VisualStudioVersion = 16.0.30804.86
MinimumVisualStudioVersion = 10.0.40219.1
Project("{FAE04EC0-301F-11D3-BF4B-00C04F79EFBC}") = "Ejercicio3", "Ejercicio3\Ejercicio3.csproj", "{D40E5E3C-6B96-4893-86D2-9E12BB9182FF}"
EndProject
Global
	GlobalSection(SolutionConfigurationPlatforms) = preSolution
		Debug|Any CPU = Debug|Any CPU
		Release|Any CPU = Release|Any CPU
	EndGlobalSection
	GlobalSection(ProjectConfigurationPlatforms) = postSolution
		{D40E5E3C-6B96-4893-86D2-9E12BB9182FF}.Debug|Any CPU.ActiveCfg = Debug|Any CPU
		{D40E5E3C-6B96-4893-86D2-9E12BB9182FF}.Debug|Any CPU.Build.0 = Debug|Any CPU
		{D40E5E3C-6B96-4893-86D2-9E12BB9182FF}.Release|Any CPU.ActiveCfg = Release|Any CPU
		{D40E5E3C-6B96-4893-86D2-9E12BB9182FF}.Release|Any CPU.Build.0 = Release|Any CPU
	EndGlobalSection
	GlobalSection(SolutionProperties) = preSolution
		HideSolutionNode = FALSE
	EndGlobalSection
	GlobalSection(ExtensibilityGlobals) = postSolution
		SolutionGuid = {7A35A0C9-1EE1-4829-A100-F724289F31D3}
	EndGlobalSection
EndGlobal
